
Microsoft Visual Studio Solution File, Format Version 12.00
# Visual Studio Version 17
VisualStudioVersion = 17.14.36212.18 d17.14
MinimumVisualStudioVersion = 10.0.40219.1
Project("{8BC9CEB8-8B4A-11D0-8D11-00A0C91BC942}") = "19-1", "19-1.vcxproj", "{4B2B1945-FC2B-4EE3-B6A0-3FDD793FFDFB}"
EndProject
Global
	GlobalSection(SolutionConfigurationPlatforms) = preSolution
		Debug|x64 = Debug|x64
		Debug|x86 = Debug|x86
		Release|x64 = Release|x64
		Release|x86 = Release|x86
	EndGlobalSection
	GlobalSection(ProjectConfigurationPlatforms) = postSolution
		{4B2B1945-FC2B-4EE3-B6A0-3FDD793FFDFB}.Debug|x64.ActiveCfg = Debug|x64
		{4B2B1945-FC2B-4EE3-B6A0-3FDD793FFDFB}.Debug|x64.Build.0 = Debug|x64
		{4B2B1945-FC2B-4EE3-B6A0-3FDD793FFDFB}.Debug|x86.ActiveCfg = Debug|Win32
		{4B2B1945-FC2B-4EE3-B6A0-3FDD793FFDFB}.Debug|x86.Build.0 = Debug|Win32
		{4B2B1945-FC2B-4EE3-B6A0-3FDD793FFDFB}.Release|x64.ActiveCfg = Release|x64
		{4B2B1945-FC2B-4EE3-B6A0-3FDD793FFDFB}.Release|x64.Build.0 = Release|x64
		{4B2B1945-FC2B-4EE3-B6A0-3FDD793FFDFB}.Release|x86.ActiveCfg = Release|Win32
		{4B2B1945-FC2B-4EE3-B6A0-3FDD793FFDFB}.Release|x86.Build.0 = Release|Win32
	EndGlobalSection
	GlobalSection(SolutionProperties) = preSolution
		HideSolutionNode = FALSE
	EndGlobalSection
	GlobalSection(ExtensibilityGlobals) = postSolution
		SolutionGuid = {1F1CBA37-479C-4F0B-83B2-7FC0BF46AF0C}
	EndGlobalSection
EndGlobal
